// !$*UTF8*$!
{
	archiveVersion = 1;
	classes = {
	};
	objectVersion = 55;
	objects = {

/* Begin PBXBuildFile section */
		30C30C92295AE88C0023DD16 /* AppDelegate.swift in Sources */ = {isa = PBXBuildFile; fileRef = 30C30C91295AE88C0023DD16 /* AppDelegate.swift */; };
		30C30C94295AE88C0023DD16 /* SceneDelegate.swift in Sources */ = {isa = PBXBuildFile; fileRef = 30C30C93295AE88C0023DD16 /* SceneDelegate.swift */; };
		30C30C96295AE88C0023DD16 /* MapsViewController.swift in Sources */ = {isa = PBXBuildFile; fileRef = 30C30C95295AE88C0023DD16 /* MapsViewController.swift */; };
		30C30C99295AE88C0023DD16 /* Main.storyboard in Resources */ = {isa = PBXBuildFile; fileRef = 30C30C97295AE88C0023DD16 /* Main.storyboard */; };
		30C30C9C295AE88C0023DD16 /* _7HaritalarUygulamasi.xcdatamodeld in Sources */ = {isa = PBXBuildFile; fileRef = 30C30C9A295AE88C0023DD16 /* _7HaritalarUygulamasi.xcdatamodeld */; };
		30C30C9E295AE88D0023DD16 /* Assets.xcassets in Resources */ = {isa = PBXBuildFile; fileRef = 30C30C9D295AE88D0023DD16 /* Assets.xcassets */; };
		30C30CA1295AE88D0023DD16 /* LaunchScreen.storyboard in Resources */ = {isa = PBXBuildFile; fileRef = 30C30C9F295AE88D0023DD16 /* LaunchScreen.storyboard */; };
		30DC2F2929632ACF0061804D /* ListViewController.swift in Sources */ = {isa = PBXBuildFile; fileRef = 30DC2F2829632ACF0061804D /* ListViewController.swift */; };
/* End PBXBuildFile section */

/* Begin PBXFileReference section */
		30C30C8E295AE88C0023DD16 /* 17HaritalarUygulamasi.app */ = {isa = PBXFileReference; explicitFileType = wrapper.application; includeInIndex = 0; path = 17HaritalarUygulamasi.app; sourceTree = BUILT_PRODUCTS_DIR; };
		30C30C91295AE88C0023DD16 /* AppDelegate.swift */ = {isa = PBXFileReference; lastKnownFileType = sourcecode.swift; path = AppDelegate.swift; sourceTree = "<group>"; };
		30C30C93295AE88C0023DD16 /* SceneDelegate.swift */ = {isa = PBXFileReference; lastKnownFileType = sourcecode.swift; path = SceneDelegate.swift; sourceTree = "<group>"; };
		30C30C95295AE88C0023DD16 /* MapsViewController.swift */ = {isa = PBXFileReference; lastKnownFileType = sourcecode.swift; path = MapsViewController.swift; sourceTree = "<group>"; };
		30C30C98295AE88C0023DD16 /* Base */ = {isa = PBXFileReference; lastKnownFileType = file.storyboard; name = Base; path = Base.lproj/Main.storyboard; sourceTree = "<group>"; };
		30C30C9B295AE88C0023DD16 /* _7HaritalarUygulamasi.xcdatamodel */ = {isa = PBXFileReference; lastKnownFileType = wrapper.xcdatamodel; path = _7HaritalarUygulamasi.xcdatamodel; sourceTree = "<group>"; };
		30C30C9D295AE88D0023DD16 /* Assets.xcassets */ = {isa = PBXFileReference; lastKnownFileType = folder.assetcatalog; path = Assets.xcassets; sourceTree = "<group>"; };
		30C30CA0295AE88D0023DD16 /* Base */ = {isa = PBXFileReference; lastKnownFileType = file.storyboard; name = Base; path = Base.lproj/LaunchScreen.storyboard; sourceTree = "<group>"; };
		30C30CA2295AE88D0023DD16 /* Info.plist */ = {isa = PBXFileReference; lastKnownFileType = text.plist.xml; path = Info.plist; sourceTree = "<group>"; };
		30DC2F2829632ACF0061804D /* ListViewController.swift */ = {isa = PBXFileReference; lastKnownFileType = sourcecode.swift; path = ListViewController.swift; sourceTree = "<group>"; };
/* End PBXFileReference section */

/* Begin PBXFrameworksBuildPhase section */
		30C30C8B295AE88C0023DD16 /* Frameworks */ = {
			isa = PBXFrameworksBuildPhase;
			buildActionMask = 2147483647;
			files = (
			);
			runOnlyForDeploymentPostprocessing = 0;
		};
/* End PBXFrameworksBuildPhase section */

/* Begin PBXGroup section */
		30C30C85295AE88C0023DD16 = {
			isa = PBXGroup;
			children = (
				30C30C90295AE88C0023DD16 /* 17HaritalarUygulamasi */,
				30C30C8F295AE88C0023DD16 /* Products */,
			);
			sourceTree = "<group>";
		};
		30C30C8F295AE88C0023DD16 /* Products */ = {
			isa = PBXGroup;
			children = (
				30C30C8E295AE88C0023DD16 /* 17HaritalarUygulamasi.app */,
			);
			name = Products;
			sourceTree = "<group>";
		};
		30C30C90295AE88C0023DD16 /* 17HaritalarUygulamasi */ = {
			isa = PBXGroup;
			children = (
				30C30C91295AE88C0023DD16 /* AppDelegate.swift */,
				30C30C93295AE88C0023DD16 /* SceneDelegate.swift */,
				30C30C95295AE88C0023DD16 /* MapsViewController.swift */,
				30C30C97295AE88C0023DD16 /* Main.storyboard */,
				30C30C9D295AE88D0023DD16 /* Assets.xcassets */,
				30C30C9F295AE88D0023DD16 /* LaunchScreen.storyboard */,
				30C30CA2295AE88D0023DD16 /* Info.plist */,
				30C30C9A295AE88C0023DD16 /* _7HaritalarUygulamasi.xcdatamodeld */,
				30DC2F2829632ACF0061804D /* ListViewController.swift */,
			);
			path = 17HaritalarUygulamasi;
			sourceTree = "<group>";
		};
/* End PBXGroup section */

/* Begin PBXNativeTarget section */
		30C30C8D295AE88C0023DD16 /* 17HaritalarUygulamasi */ = {
			isa = PBXNativeTarget;
			buildConfigurationList = 30C30CA5295AE88D0023DD16 /* Build configuration list for PBXNativeTarget "17HaritalarUygulamasi" */;
			buildPhases = (
				30C30C8A295AE88C0023DD16 /* Sources */,
				30C30C8B295AE88C0023DD16 /* Frameworks */,
				30C30C8C295AE88C0023DD16 /* Resources */,
			);
			buildRules = (
			);
			dependencies = (
			);
			name = 17HaritalarUygulamasi;
			productName = 17HaritalarUygulamasi;
			productReference = 30C30C8E295AE88C0023DD16 /* 17HaritalarUygulamasi.app */;
			productType = "com.apple.product-type.application";
		};
/* End PBXNativeTarget section */

/* Begin PBXProject section */
		30C30C86295AE88C0023DD16 /* Project object */ = {
			isa = PBXProject;
			attributes = {
				BuildIndependentTargetsInParallel = 1;
				LastSwiftUpdateCheck = 1320;
				LastUpgradeCheck = 1320;
				TargetAttributes = {
					30C30C8D295AE88C0023DD16 = {
						CreatedOnToolsVersion = 13.2;
					};
				};
			};
			buildConfigurationList = 30C30C89295AE88C0023DD16 /* Build configuration list for PBXProject "17HaritalarUygulamasi" */;
			compatibilityVersion = "Xcode 13.0";
			developmentRegion = en;
			hasScannedForEncodings = 0;
			knownRegions = (
				en,
				Base,
			);
			mainGroup = 30C30C85295AE88C0023DD16;
			productRefGroup = 30C30C8F295AE88C0023DD16 /* Products */;
			projectDirPath = "";
			projectRoot = "";
			targets = (
				30C30C8D295AE88C0023DD16 /* 17HaritalarUygulamasi */,
			);
		};
/* End PBXProject section */

/* Begin PBXResourcesBuildPhase section */
		30C30C8C295AE88C0023DD16 /* Resources */ = {
			isa = PBXResourcesBuildPhase;
			buildActionMask = 2147483647;
			files = (
				30C30CA1295AE88D0023DD16 /* LaunchScreen.storyboard in Resources */,
				30C30C9E295AE88D0023DD16 /* Assets.xcassets in Resources */,
				30C30C99295AE88C0023DD16 /* Main.storyboard in Resources */,
			);
			runOnlyForDeploymentPostprocessing = 0;
		};
/* End PBXResourcesBuildPhase section */

/* Begin PBXSourcesBuildPhase section */
		30C30C8A295AE88C0023DD16 /* Sources */ = {
			isa = PBXSourcesBuildPhase;
			buildActionMask = 2147483647;
			files = (
				30C30C96295AE88C0023DD16 /* MapsViewController.swift in Sources */,
				30C30C9C295AE88C0023DD16 /* _7HaritalarUygulamasi.xcdatamodeld in Sources */,
				30C30C92295AE88C0023DD16 /* AppDelegate.swift in Sources */,
				30DC2F2929632ACF0061804D /* ListViewController.swift in Sources */,
				30C30C94295AE88C0023DD16 /* SceneDelegate.swift in Sources */,
			);
			runOnlyForDeploymentPostprocessing = 0;
		};
/* End PBXSourcesBuildPhase section */

/* Begin PBXVariantGroup section */
		30C30C97295AE88C0023DD16 /* Main.storyboard */ = {
			isa = PBXVariantGroup;
			children = (
				30C30C98295AE88C0023DD16 /* Base */,
			);
			name = Main.storyboard;
			sourceTree = "<group>";
		};
		30C30C9F295AE88D0023DD16 /* LaunchScreen.storyboard */ = {
			isa = PBXVariantGroup;
			children = (
				30C30CA0295AE88D0023DD16 /* Base */,
			);
			name = LaunchScreen.storyboard;
			sourceTree = "<group>";
		};
/* End PBXVariantGroup section */

/* Begin XCBuildConfiguration section */
		30C30CA3295AE88D0023DD16 /* Debug */ = {
			isa = XCBuildConfiguration;
			buildSettings = {
				ALWAYS_SEARCH_USER_PATHS = NO;
				CLANG_ANALYZER_NONNULL = YES;
				CLANG_ANALYZER_NUMBER_OBJECT_CONVERSION = YES_AGGRESSIVE;
				CLANG_CXX_LANGUAGE_STANDARD = "gnu++17";
				CLANG_CXX_LIBRARY = "libc++";
				CLANG_ENABLE_MODULES = YES;
				CLANG_ENABLE_OBJC_ARC = YES;
				CLANG_ENABLE_OBJC_WEAK = YES;
				CLANG_WARN_BLOCK_CAPTURE_AUTORELEASING = YES;
				CLANG_WARN_BOOL_CONVERSION = YES;
				CLANG_WARN_COMMA = YES;
				CLANG_WARN_CONSTANT_CONVERSION = YES;
				CLANG_WARN_DEPRECATED_OBJC_IMPLEMENTATIONS = YES;
				CLANG_WARN_DIRECT_OBJC_ISA_USAGE = YES_ERROR;
				CLANG_WARN_DOCUMENTATION_COMMENTS = YES;
				CLANG_WARN_EMPTY_BODY = YES;
				CLANG_WARN_ENUM_CONVERSION = YES;
				CLANG_WARN_INFINITE_RECURSION = YES;
				CLANG_WARN_INT_CONVERSION = YES;
				CLANG_WARN_NON_LITERAL_NULL_CONVERSION = YES;
				CLANG_WARN_OBJC_IMPLICIT_RETAIN_SELF = YES;
				CLANG_WARN_OBJC_LITERAL_CONVERSION = YES;
				CLANG_WARN_OBJC_ROOT_CLASS = YES_ERROR;
				CLANG_WARN_QUOTED_INCLUDE_IN_FRAMEWORK_HEADER = YES;
				CLANG_WARN_RANGE_LOOP_ANALYSIS = YES;
				CLANG_WARN_STRICT_PROTOTYPES = YES;
				CLANG_WARN_SUSPICIOUS_MOVE = YES;
				CLANG_WARN_UNGUARDED_AVAILABILITY = YES_AGGRESSIVE;
				CLANG_WARN_UNREACHABLE_CODE = YES;
				CLANG_WARN__DUPLICATE_METHOD_MATCH = YES;
				COPY_PHASE_STRIP = NO;
				DEBUG_INFORMATION_FORMAT = dwarf;
				ENABLE_STRICT_OBJC_MSGSEND = YES;
				ENABLE_TESTABILITY = YES;
				GCC_C_LANGUAGE_STANDARD = gnu11;
				GCC_DYNAMIC_NO_PIC = NO;
				GCC_NO_COMMON_BLOCKS = YES;
				GCC_OPTIMIZATION_LEVEL = 0;
				GCC_PREPROCESSOR_DEFINITIONS = (
					"DEBUG=1",
					"$(inherited)",
				);
				GCC_WARN_64_TO_32_BIT_CONVERSION = YES;
				GCC_WARN_ABOUT_RETURN_TYPE = YES_ERROR;
				GCC_WARN_UNDECLARED_SELECTOR = YES;
				GCC_WARN_UNINITIALIZED_AUTOS = YES_AGGRESSIVE;
				GCC_WARN_UNUSED_FUNCTION = YES;
				GCC_WARN_UNUSED_VARIABLE = YES;
				IPHONEOS_DEPLOYMENT_TARGET = 15.2;
				MTL_ENABLE_DEBUG_INFO = INCLUDE_SOURCE;
				MTL_FAST_MATH = YES;
				ONLY_ACTIVE_ARCH = YES;
				SDKROOT = iphoneos;
				SWIFT_ACTIVE_COMPILATION_CONDITIONS = DEBUG;
				SWIFT_OPTIMIZATION_LEVEL = "-Onone";
			};
			name = Debug;
		};
		30C30CA4295AE88D0023DD16 /* Release */ = {
			isa = XCBuildConfiguration;
			buildSettings = {
				ALWAYS_SEARCH_USER_PATHS = NO;
				CLANG_ANALYZER_NONNULL = YES;
				CLANG_ANALYZER_NUMBER_OBJECT_CONVERSION = YES_AGGRESSIVE;
				CLANG_CXX_LANGUAGE_STANDARD = "gnu++17";
				CLANG_CXX_LIBRARY = "libc++";
				CLANG_ENABLE_MODULES = YES;
				CLANG_ENABLE_OBJC_ARC = YES;
				CLANG_ENABLE_OBJC_WEAK = YES;
				CLANG_WARN_BLOCK_CAPTURE_AUTORELEASING = YES;
				CLANG_WARN_BOOL_CONVERSION = YES;
				CLANG_WARN_COMMA = YES;
				CLANG_WARN_CONSTANT_CONVERSION = YES;
				CLANG_WARN_DEPRECATED_OBJC_IMPLEMENTATIONS = YES;
				CLANG_WARN_DIRECT_OBJC_ISA_USAGE = YES_ERROR;
				CLANG_WARN_DOCUMENTATION_COMMENTS = YES;
				CLANG_WARN_EMPTY_BODY = YES;
				CLANG_WARN_ENUM_CONVERSION = YES;
				CLANG_WARN_INFINITE_RECURSION = YES;
				CLANG_WARN_INT_CONVERSION = YES;
				CLANG_WARN_NON_LITERAL_NULL_CONVERSION = YES;
				CLANG_WARN_OBJC_IMPLICIT_RETAIN_SELF = YES;
				CLANG_WARN_OBJC_LITERAL_CONVERSION = YES;
				CLANG_WARN_OBJC_ROOT_CLASS = YES_ERROR;
				CLANG_WARN_QUOTED_INCLUDE_IN_FRAMEWORK_HEADER = YES;
				CLANG_WARN_RANGE_LOOP_ANALYSIS = YES;
				CLANG_WARN_STRICT_PROTOTYPES = YES;
				CLANG_WARN_SUSPICIOUS_MOVE = YES;
				CLANG_WARN_UNGUARDED_AVAILABILITY = YES_AGGRESSIVE;
				CLANG_WARN_UNREACHABLE_CODE = YES;
				CLANG_WARN__DUPLICATE_METHOD_MATCH = YES;
				COPY_PHASE_STRIP = NO;
				DEBUG_INFORMATION_FORMAT = "dwarf-with-dsym";
				ENABLE_NS_ASSERTIONS = NO;
				ENABLE_STRICT_OBJC_MSGSEND = YES;
				GCC_C_LANGUAGE_STANDARD = gnu11;
				GCC_NO_COMMON_BLOCKS = YES;
				GCC_WARN_64_TO_32_BIT_CONVERSION = YES;
				GCC_WARN_ABOUT_RETURN_TYPE = YES_ERROR;
				GCC_WARN_UNDECLARED_SELECTOR = YES;
				GCC_WARN_UNINITIALIZED_AUTOS = YES_AGGRESSIVE;
				GCC_WARN_UNUSED_FUNCTION = YES;
				GCC_WARN_UNUSED_VARIABLE = YES;
				IPHONEOS_DEPLOYMENT_TARGET = 15.2;
				MTL_ENABLE_DEBUG_INFO = NO;
				MTL_FAST_MATH = YES;
				SDKROOT = iphoneos;
				SWIFT_COMPILATION_MODE = wholemodule;
				SWIFT_OPTIMIZATION_LEVEL = "-O";
				VALIDATE_PRODUCT = YES;
			};
			name = Release;
		};
		30C30CA6295AE88D0023DD16 /* Debug */ = {
			isa = XCBuildConfiguration;
			buildSettings = {
				ASSETCATALOG_COMPILER_APPICON_NAME = AppIcon;
				ASSETCATALOG_COMPILER_GLOBAL_ACCENT_COLOR_NAME = AccentColor;
				CODE_SIGN_STYLE = Automatic;
				CURRENT_PROJECT_VERSION = 1;
				DEVELOPMENT_TEAM = KD5ZFZ595T;
				GENERATE_INFOPLIST_FILE = YES;
				INFOPLIST_FILE = 17HaritalarUygulamasi/Info.plist;
				INFOPLIST_KEY_UIApplicationSupportsIndirectInputEvents = YES;
				INFOPLIST_KEY_UILaunchStoryboardName = LaunchScreen;
				INFOPLIST_KEY_UIMainStoryboardFile = Main;
				INFOPLIST_KEY_UISupportedInterfaceOrientations_iPad = "UIInterfaceOrientationPortrait UIInterfaceOrientationPortraitUpsideDown UIInterfaceOrientationLandscapeLeft UIInterfaceOrientationLandscapeRight";
				INFOPLIST_KEY_UISupportedInterfaceOrientations_iPhone = "UIInterfaceOrientationPortrait UIInterfaceOrientationLandscapeLeft UIInterfaceOrientationLandscapeRight";
				LD_RUNPATH_SEARCH_PATHS = (
					"$(inherited)",
					"@executable_path/Frameworks",
				);
				MARKETING_VERSION = 1.0;
				PRODUCT_BUNDLE_IDENTIFIER = "com.maytemur.-7HaritalarUygulamasi";
				PRODUCT_NAME = "$(TARGET_NAME)";
				SWIFT_EMIT_LOC_STRINGS = YES;
				SWIFT_VERSION = 5.0;
				TARGETED_DEVICE_FAMILY = "1,2";
			};
			name = Debug;
		};
		30C30CA7295AE88D0023DD16 /* Release */ = {
			isa = XCBuildConfiguration;
			buildSettings = {
				ASSETCATALOG_COMPILER_APPICON_NAME = AppIcon;
				ASSETCATALOG_COMPILER_GLOBAL_ACCENT_COLOR_NAME = AccentColor;
				CODE_SIGN_STYLE = Automatic;
				CURRENT_PROJECT_VERSION = 1;
				DEVELOPMENT_TEAM = KD5ZFZ595T;
				GENERATE_INFOPLIST_FILE = YES;
				INFOPLIST_FILE = 17HaritalarUygulamasi/Info.plist;
				INFOPLIST_KEY_UIApplicationSupportsIndirectInputEvents = YES;
				INFOPLIST_KEY_UILaunchStoryboardName = LaunchScreen;
				INFOPLIST_KEY_UIMainStoryboardFile = Main;
				INFOPLIST_KEY_UISupportedInterfaceOrientations_iPad = "UIInterfaceOrientationPortrait UIInterfaceOrientationPortraitUpsideDown UIInterfaceOrientationLandscapeLeft UIInterfaceOrientationLandscapeRight";
				INFOPLIST_KEY_UISupportedInterfaceOrientations_iPhone = "UIInterfaceOrientationPortrait UIInterfaceOrientationLandscapeLeft UIInterfaceOrientationLandscapeRight";
				LD_RUNPATH_SEARCH_PATHS = (
					"$(inherited)",
					"@executable_path/Frameworks",
				);
				MARKETING_VERSION = 1.0;
				PRODUCT_BUNDLE_IDENTIFIER = "com.maytemur.-7HaritalarUygulamasi";
				PRODUCT_NAME = "$(TARGET_NAME)";
				SWIFT_EMIT_LOC_STRINGS = YES;
				SWIFT_VERSION = 5.0;
				TARGETED_DEVICE_FAMILY = "1,2";
			};
			name = Release;
		};
/* End XCBuildConfiguration section */

/* Begin XCConfigurationList section */
		30C30C89295AE88C0023DD16 /* Build configuration list for PBXProject "17HaritalarUygulamasi" */ = {
			isa = XCConfigurationList;
			buildConfigurations = (
				30C30CA3295AE88D0023DD16 /* Debug */,
				30C30CA4295AE88D0023DD16 /* Release */,
			);
			defaultConfigurationIsVisible = 0;
			defaultConfigurationName = Release;
		};
		30C30CA5295AE88D0023DD16 /* Build configuration list for PBXNativeTarget "17HaritalarUygulamasi" */ = {
			isa = XCConfigurationList;
			buildConfigurations = (
				30C30CA6295AE88D0023DD16 /* Debug */,
				30C30CA7295AE88D0023DD16 /* Release */,
			);
			defaultConfigurationIsVisible = 0;
			defaultConfigurationName = Release;
		};
/* End XCConfigurationList section */

/* Begin XCVersionGroup section */
		30C30C9A295AE88C0023DD16 /* _7HaritalarUygulamasi.xcdatamodeld */ = {
			isa = XCVersionGroup;
			children = (
				30C30C9B295AE88C0023DD16 /* _7HaritalarUygulamasi.xcdatamodel */,
			);
			currentVersion = 30C30C9B295AE88C0023DD16 /* _7HaritalarUygulamasi.xcdatamodel */;
			path = _7HaritalarUygulamasi.xcdatamodeld;
			sourceTree = "<group>";
			versionGroupType = wrapper.xcdatamodel;
		};
/* End XCVersionGroup section */
	};
	rootObject = 30C30C86295AE88C0023DD16 /* Project object */;
}
